
Microsoft Visual Studio Solution File, Format Version 12.00
Project("{FAE04EC0-301F-11D3-BF4B-00C04F79EFBC}") = "FoodRecipes", "FoodRecipes.Api\FoodRecipes.Api.csproj", "{9CF183A3-58A0-4586-8A57-83D1BCF33A95}"
EndProject
Global
	GlobalSection(SolutionConfigurationPlatforms) = preSolution
		Debug|Any CPU = Debug|Any CPU
		Release|Any CPU = Release|Any CPU
	EndGlobalSection
	GlobalSection(ProjectConfigurationPlatforms) = postSolution
		{9CF183A3-58A0-4586-8A57-83D1BCF33A95}.Debug|Any CPU.ActiveCfg = Debug|Any CPU
		{9CF183A3-58A0-4586-8A57-83D1BCF33A95}.Debug|Any CPU.Build.0 = Debug|Any CPU
		{9CF183A3-58A0-4586-8A57-83D1BCF33A95}.Release|Any CPU.ActiveCfg = Release|Any CPU
		{9CF183A3-58A0-4586-8A57-83D1BCF33A95}.Release|Any CPU.Build.0 = Release|Any CPU
	EndGlobalSection
EndGlobal
